
Microsoft Visual Studio Solution File, Format Version 12.00
# Visual Studio Version 17
VisualStudioVersion = 17.4.33110.190
MinimumVisualStudioVersion = 10.0.40219.1
Project("{FAE04EC0-301F-11D3-BF4B-00C04F79EFBC}") = "LagerApplikation", "LagerApplikation\LagerApplikation.csproj", "{C06C7CD0-0FAE-4B41-B398-B7BD6FF849AD}"
EndProject
Global
	GlobalSection(SolutionConfigurationPlatforms) = preSolution
		Debug|Any CPU = Debug|Any CPU
		Release|Any CPU = Release|Any CPU
	EndGlobalSection
	GlobalSection(ProjectConfigurationPlatforms) = postSolution
		{C06C7CD0-0FAE-4B41-B398-B7BD6FF849AD}.Debug|Any CPU.ActiveCfg = Debug|Any CPU
		{C06C7CD0-0FAE-4B41-B398-B7BD6FF849AD}.Debug|Any CPU.Build.0 = Debug|Any CPU
		{C06C7CD0-0FAE-4B41-B398-B7BD6FF849AD}.Release|Any CPU.ActiveCfg = Release|Any CPU
		{C06C7CD0-0FAE-4B41-B398-B7BD6FF849AD}.Release|Any CPU.Build.0 = Release|Any CPU
	EndGlobalSection
	GlobalSection(SolutionProperties) = preSolution
		HideSolutionNode = FALSE
	EndGlobalSection
	GlobalSection(ExtensibilityGlobals) = postSolution
		SolutionGuid = {AD76A9FF-F7DD-475F-B023-72CA0A41FBA0}
	EndGlobalSection
EndGlobal
